{
    "name": "test-app",
    "version": "1.0.0",
    "lockfileVersion": 2,
    "requires": true,
    "packages": {
        "": {
            "name": "test-app",
            "version": "1.0.0",
            "license": "ISC",
            "dependencies": {
                "node-ipinfo": "file: ./../../",
                "typescript": "^4.4.2"
            }
        },
        "..": {
            "version": "4.0.0",
            "license": "Apache-2.0",
            "dependencies": {
                "lru-cache": "^7.18.3",
                "node-fetch": "^2.7.0",
                "subnet-check": "^1.10.1"
            },
            "devDependencies": {
                "@types/jest": "^29.5.3",
                "@types/node": "^18.15.0",
                "dotenv": "^8.6.0",
                "jest": "^29.6.2",
                "jest-dev-server": "^10.1.4",
                "prettier": "^2.4.1",
                "test-fake-server": "^2.9.3",
                "ts-jest": "^29.1.1",
                "typescript": "^5.1.6"
            },
            "engines": {
                "node": ">=14"
            }
        },
        "node_modules/node-ipinfo": {
            "resolved": "..",
            "link": true
        },
        "node_modules/typescript": {
            "version": "4.4.2",
            "resolved": "https://registry.npmjs.org/typescript/-/typescript-4.4.2.tgz",
            "integrity": "sha512-gzP+t5W4hdy4c+68bfcv0t400HVJMMd2+H9B7gae1nQlBzCqvrXX+6GL/b3GAgyTH966pzrZ70/fRjwAtZksSQ==",
            "bin": {
                "tsc": "bin/tsc",
                "tsserver": "bin/tsserver"
            },
            "engines": {
                "node": ">=4.2.0"
            }
        }
    },
    "dependencies": {
        "node-ipinfo": {
            "version": "file:..",
            "requires": {
                "@types/jest": "^29.5.3",
                "@types/node": "^18.15.0",
                "dotenv": "^8.6.0",
                "jest": "^29.6.2",
                "jest-dev-server": "^10.1.4",
                "lru-cache": "^7.18.3",
                "node-fetch": "^2.7.0",
                "prettier": "^2.4.1",
                "subnet-check": "^1.10.1",
                "test-fake-server": "^2.9.3",
                "ts-jest": "^29.1.1",
                "typescript": "^5.1.6"
            }
        },
        "typescript": {
            "version": "4.4.2",
            "resolved": "https://registry.npmjs.org/typescript/-/typescript-4.4.2.tgz",
            "integrity": "sha512-gzP+t5W4hdy4c+68bfcv0t400HVJMMd2+H9B7gae1nQlBzCqvrXX+6GL/b3GAgyTH966pzrZ70/fRjwAtZksSQ=="
        }
    }
}
